
Microsoft Visual Studio Solution File, Format Version 12.00
# Visual Studio 15
Project("{FAE04EC0-301F-11D3-BF4B-00C04F79EFBC}") = "Assembly-CSharp", "Assembly-CSharp.csproj", "{9668F7BF-29FB-E2F2-522D-813240C9EDB8}"
EndProject
Project("{FAE04EC0-301F-11D3-BF4B-00C04F79EFBC}") = "Assembly-CSharp-Editor", "Assembly-CSharp-Editor.csproj", "{96EEC542-D735-E63F-0839-3250F81C7A6A}"
EndProject
Global
	GlobalSection(SolutionConfigurationPlatforms) = preSolution
		Debug|Any CPU = Debug|Any CPU
		Release|Any CPU = Release|Any CPU
	EndGlobalSection
	GlobalSection(ProjectConfigurationPlatforms) = postSolution
		{9668F7BF-29FB-E2F2-522D-813240C9EDB8}.Debug|Any CPU.ActiveCfg = Debug|Any CPU
		{9668F7BF-29FB-E2F2-522D-813240C9EDB8}.Debug|Any CPU.Build.0 = Debug|Any CPU
		{9668F7BF-29FB-E2F2-522D-813240C9EDB8}.Release|Any CPU.ActiveCfg = Release|Any CPU
		{9668F7BF-29FB-E2F2-522D-813240C9EDB8}.Release|Any CPU.Build.0 = Release|Any CPU
		{96EEC542-D735-E63F-0839-3250F81C7A6A}.Debug|Any CPU.ActiveCfg = Debug|Any CPU
		{96EEC542-D735-E63F-0839-3250F81C7A6A}.Debug|Any CPU.Build.0 = Debug|Any CPU
		{96EEC542-D735-E63F-0839-3250F81C7A6A}.Release|Any CPU.ActiveCfg = Release|Any CPU
		{96EEC542-D735-E63F-0839-3250F81C7A6A}.Release|Any CPU.Build.0 = Release|Any CPU
	EndGlobalSection
	GlobalSection(SolutionProperties) = preSolution
		HideSolutionNode = FALSE
	EndGlobalSection
EndGlobal
